// !$*UTF8*$!
{
	archiveVersion = 1;
	classes = {
	};
	objectVersion = 51;
	objects = {

/* Begin PBXBuildFile section */
		7EDE837627F5D7FC00CCC78E /* libqbe.a in Frameworks */ = {isa = PBXBuildFile; fileRef = 7EDF3CEE27F0912C005EDF37 /* libqbe.a */; };
		7EDE837D27F5D84600CCC78E /* 4licm.c in Sources */ = {isa = PBXBuildFile; fileRef = 7EDE837027F5D7F400CCC78E /* 4licm.c */; };
		7EDE83C327F61CD800CCC78E /* 4rd.c in Sources */ = {isa = PBXBuildFile; fileRef = 7E8838AA27BFB5090039D87D /* 4rd.c */; };
		7EDF3CF527F0912C005EDF37 /* libqbe.a in Frameworks */ = {isa = PBXBuildFile; fileRef = 7EDF3CEE27F0912C005EDF37 /* libqbe.a */; };
/* End PBXBuildFile section */

/* Begin PBXCopyFilesBuildPhase section */
		7E88387627BFB4B10039D87D /* CopyFiles */ = {
			isa = PBXCopyFilesBuildPhase;
			buildActionMask = 2147483647;
			dstPath = /usr/share/man/man1/;
			dstSubfolderSpec = 0;
			files = (
			);
			runOnlyForDeploymentPostprocessing = 1;
		};
		7EDE837727F5D7FC00CCC78E /* CopyFiles */ = {
			isa = PBXCopyFilesBuildPhase;
			buildActionMask = 2147483647;
			dstPath = /usr/share/man/man1/;
			dstSubfolderSpec = 0;
			files = (
			);
			runOnlyForDeploymentPostprocessing = 1;
		};
/* End PBXCopyFilesBuildPhase section */

/* Begin PBXFileReference section */
		7E88387827BFB4B10039D87D /* 4rd */ = {isa = PBXFileReference; explicitFileType = "compiled.mach-o.executable"; includeInIndex = 0; path = 4rd; sourceTree = BUILT_PRODUCTS_DIR; };
		7E88388027BFB4CE0039D87D /* LICENSE */ = {isa = PBXFileReference; lastKnownFileType = text; path = LICENSE; sourceTree = "<group>"; };
		7E88388127BFB4CE0039D87D /* README.md */ = {isa = PBXFileReference; lastKnownFileType = net.daringfireball.markdown; path = README.md; sourceTree = "<group>"; };
		7E8838AA27BFB5090039D87D /* 4rd.c */ = {isa = PBXFileReference; fileEncoding = 4; lastKnownFileType = sourcecode.c.c; path = 4rd.c; sourceTree = "<group>"; };
		7E8838AC27BFB52E0039D87D /* .gitignore */ = {isa = PBXFileReference; lastKnownFileType = text; path = .gitignore; sourceTree = "<group>"; };
		7EDE837027F5D7F400CCC78E /* 4licm.c */ = {isa = PBXFileReference; lastKnownFileType = sourcecode.c.c; path = 4licm.c; sourceTree = "<group>"; };
		7EDE837C27F5D7FC00CCC78E /* 4licm */ = {isa = PBXFileReference; explicitFileType = "compiled.mach-o.executable"; includeInIndex = 0; path = 4licm; sourceTree = BUILT_PRODUCTS_DIR; };
		7EDE838027F60F3100CCC78E /* 15.txt */ = {isa = PBXFileReference; fileEncoding = 4; lastKnownFileType = text; path = 15.txt; sourceTree = "<group>"; };
		7EDE838127F60F3100CCC78E /* 13-result.txt */ = {isa = PBXFileReference; fileEncoding = 4; lastKnownFileType = text; path = "13-result.txt"; sourceTree = "<group>"; };
		7EDE838227F60F3100CCC78E /* 14.txt */ = {isa = PBXFileReference; fileEncoding = 4; lastKnownFileType = text; path = 14.txt; sourceTree = "<group>"; };
		7EDE838327F60F3100CCC78E /* 16.txt */ = {isa = PBXFileReference; fileEncoding = 4; lastKnownFileType = text; path = 16.txt; sourceTree = "<group>"; };
		7EDE838427F60F3100CCC78E /* 8-result.txt */ = {isa = PBXFileReference; fileEncoding = 4; lastKnownFileType = text; path = "8-result.txt"; sourceTree = "<group>"; };
		7EDE838527F60F3100CCC78E /* 13.txt */ = {isa = PBXFileReference; fileEncoding = 4; lastKnownFileType = text; path = 13.txt; sourceTree = "<group>"; };
		7EDE838627F60F3100CCC78E /* 12.txt */ = {isa = PBXFileReference; fileEncoding = 4; lastKnownFileType = text; path = 12.txt; sourceTree = "<group>"; };
		7EDE838727F60F3100CCC78E /* 5-result.txt */ = {isa = PBXFileReference; fileEncoding = 4; lastKnownFileType = text; path = "5-result.txt"; sourceTree = "<group>"; };
		7EDE838827F60F3100CCC78E /* 10.txt */ = {isa = PBXFileReference; fileEncoding = 4; lastKnownFileType = text; path = 10.txt; sourceTree = "<group>"; };
		7EDE838927F60F3100CCC78E /* 11.txt */ = {isa = PBXFileReference; fileEncoding = 4; lastKnownFileType = text; path = 11.txt; sourceTree = "<group>"; };
		7EDE838A27F60F3100CCC78E /* 16-result.txt */ = {isa = PBXFileReference; fileEncoding = 4; lastKnownFileType = text; path = "16-result.txt"; sourceTree = "<group>"; };
		7EDE838B27F60F3100CCC78E /* 11-result.txt */ = {isa = PBXFileReference; fileEncoding = 4; lastKnownFileType = text; path = "11-result.txt"; sourceTree = "<group>"; };
		7EDE838C27F60F3100CCC78E /* 2-result.txt */ = {isa = PBXFileReference; fileEncoding = 4; lastKnownFileType = text; path = "2-result.txt"; sourceTree = "<group>"; };
		7EDE838D27F60F3100CCC78E /* 9.txt */ = {isa = PBXFileReference; fileEncoding = 4; lastKnownFileType = text; path = 9.txt; sourceTree = "<group>"; };
		7EDE838E27F60F3100CCC78E /* 14-result.txt */ = {isa = PBXFileReference; fileEncoding = 4; lastKnownFileType = text; path = "14-result.txt"; sourceTree = "<group>"; };
		7EDE838F27F60F3100CCC78E /* 7-result.txt */ = {isa = PBXFileReference; fileEncoding = 4; lastKnownFileType = text; path = "7-result.txt"; sourceTree = "<group>"; };
		7EDE839027F60F3100CCC78E /* 8.txt */ = {isa = PBXFileReference; fileEncoding = 4; lastKnownFileType = text; path = 8.txt; sourceTree = "<group>"; };
		7EDE839127F60F3100CCC78E /* 9-result.txt */ = {isa = PBXFileReference; fileEncoding = 4; lastKnownFileType = text; path = "9-result.txt"; sourceTree = "<group>"; };
		7EDE839227F60F3100CCC78E /* 5.txt */ = {isa = PBXFileReference; fileEncoding = 4; lastKnownFileType = text; path = 5.txt; sourceTree = "<group>"; };
		7EDE839327F60F3100CCC78E /* 4.txt */ = {isa = PBXFileReference; fileEncoding = 4; lastKnownFileType = text; path = 4.txt; sourceTree = "<group>"; };
		7EDE839427F60F3100CCC78E /* 6.txt */ = {isa = PBXFileReference; fileEncoding = 4; lastKnownFileType = text; path = 6.txt; sourceTree = "<group>"; };
		7EDE839527F60F3100CCC78E /* 4-result.txt */ = {isa = PBXFileReference; fileEncoding = 4; lastKnownFileType = text; path = "4-result.txt"; sourceTree = "<group>"; };
		7EDE839627F60F3100CCC78E /* 7.txt */ = {isa = PBXFileReference; fileEncoding = 4; lastKnownFileType = text; path = 7.txt; sourceTree = "<group>"; };
		7EDE839727F60F3100CCC78E /* 1-result.txt */ = {isa = PBXFileReference; fileEncoding = 4; lastKnownFileType = text; path = "1-result.txt"; sourceTree = "<group>"; };
		7EDE839827F60F3100CCC78E /* 3.txt */ = {isa = PBXFileReference; fileEncoding = 4; lastKnownFileType = text; path = 3.txt; sourceTree = "<group>"; };
		7EDE839927F60F3100CCC78E /* 2.txt */ = {isa = PBXFileReference; fileEncoding = 4; lastKnownFileType = text; path = 2.txt; sourceTree = "<group>"; };
		7EDE839A27F60F3100CCC78E /* 12-result.txt */ = {isa = PBXFileReference; fileEncoding = 4; lastKnownFileType = text; path = "12-result.txt"; sourceTree = "<group>"; };
		7EDE839B27F60F3100CCC78E /* 1.txt */ = {isa = PBXFileReference; fileEncoding = 4; lastKnownFileType = text; path = 1.txt; sourceTree = "<group>"; };
		7EDE839C27F60F3100CCC78E /* 15-result.txt */ = {isa = PBXFileReference; fileEncoding = 4; lastKnownFileType = text; path = "15-result.txt"; sourceTree = "<group>"; };
		7EDE839D27F60F3100CCC78E /* 6-result.txt */ = {isa = PBXFileReference; fileEncoding = 4; lastKnownFileType = text; path = "6-result.txt"; sourceTree = "<group>"; };
		7EDE839E27F60F3100CCC78E /* 10-result.txt */ = {isa = PBXFileReference; fileEncoding = 4; lastKnownFileType = text; path = "10-result.txt"; sourceTree = "<group>"; };
		7EDE839F27F60F3100CCC78E /* 3-result.txt */ = {isa = PBXFileReference; fileEncoding = 4; lastKnownFileType = text; path = "3-result.txt"; sourceTree = "<group>"; };
		7EDE83A127F60F3100CCC78E /* 15.txt */ = {isa = PBXFileReference; fileEncoding = 4; lastKnownFileType = text; path = 15.txt; sourceTree = "<group>"; };
		7EDE83A227F60F3100CCC78E /* 13-result.txt */ = {isa = PBXFileReference; fileEncoding = 4; lastKnownFileType = text; path = "13-result.txt"; sourceTree = "<group>"; };
		7EDE83A327F60F3100CCC78E /* 14.txt */ = {isa = PBXFileReference; fileEncoding = 4; lastKnownFileType = text; path = 14.txt; sourceTree = "<group>"; };
		7EDE83A427F60F3100CCC78E /* 16.txt */ = {isa = PBXFileReference; fileEncoding = 4; lastKnownFileType = text; path = 16.txt; sourceTree = "<group>"; };
		7EDE83A527F60F3100CCC78E /* 8-result.txt */ = {isa = PBXFileReference; fileEncoding = 4; lastKnownFileType = text; path = "8-result.txt"; sourceTree = "<group>"; };
		7EDE83A627F60F3100CCC78E /* 13.txt */ = {isa = PBXFileReference; fileEncoding = 4; lastKnownFileType = text; path = 13.txt; sourceTree = "<group>"; };
		7EDE83A727F60F3100CCC78E /* 12.txt */ = {isa = PBXFileReference; fileEncoding = 4; lastKnownFileType = text; path = 12.txt; sourceTree = "<group>"; };
		7EDE83A827F60F3100CCC78E /* 5-result.txt */ = {isa = PBXFileReference; fileEncoding = 4; lastKnownFileType = text; path = "5-result.txt"; sourceTree = "<group>"; };
		7EDE83A927F60F3100CCC78E /* 10.txt */ = {isa = PBXFileReference; fileEncoding = 4; lastKnownFileType = text; path = 10.txt; sourceTree = "<group>"; };
		7EDE83AA27F60F3100CCC78E /* 11.txt */ = {isa = PBXFileReference; fileEncoding = 4; lastKnownFileType = text; path = 11.txt; sourceTree = "<group>"; };
		7EDE83AB27F60F3100CCC78E /* 16-result.txt */ = {isa = PBXFileReference; fileEncoding = 4; lastKnownFileType = text; path = "16-result.txt"; sourceTree = "<group>"; };
		7EDE83AC27F60F3100CCC78E /* 11-result.txt */ = {isa = PBXFileReference; fileEncoding = 4; lastKnownFileType = text; path = "11-result.txt"; sourceTree = "<group>"; };
		7EDE83AD27F60F3100CCC78E /* 2-result.txt */ = {isa = PBXFileReference; fileEncoding = 4; lastKnownFileType = text; path = "2-result.txt"; sourceTree = "<group>"; };
		7EDE83AE27F60F3100CCC78E /* 9.txt */ = {isa = PBXFileReference; fileEncoding = 4; lastKnownFileType = text; path = 9.txt; sourceTree = "<group>"; };
		7EDE83AF27F60F3100CCC78E /* 14-result.txt */ = {isa = PBXFileReference; fileEncoding = 4; lastKnownFileType = text; path = "14-result.txt"; sourceTree = "<group>"; };
		7EDE83B027F60F3100CCC78E /* 7-result.txt */ = {isa = PBXFileReference; fileEncoding = 4; lastKnownFileType = text; path = "7-result.txt"; sourceTree = "<group>"; };
		7EDE83B127F60F3100CCC78E /* 8.txt */ = {isa = PBXFileReference; fileEncoding = 4; lastKnownFileType = text; path = 8.txt; sourceTree = "<group>"; };
		7EDE83B227F60F3100CCC78E /* 9-result.txt */ = {isa = PBXFileReference; fileEncoding = 4; lastKnownFileType = text; path = "9-result.txt"; sourceTree = "<group>"; };
		7EDE83B327F60F3100CCC78E /* 5.txt */ = {isa = PBXFileReference; fileEncoding = 4; lastKnownFileType = text; path = 5.txt; sourceTree = "<group>"; };
		7EDE83B427F60F3100CCC78E /* 4.txt */ = {isa = PBXFileReference; fileEncoding = 4; lastKnownFileType = text; path = 4.txt; sourceTree = "<group>"; };
		7EDE83B527F60F3100CCC78E /* 6.txt */ = {isa = PBXFileReference; fileEncoding = 4; lastKnownFileType = text; path = 6.txt; sourceTree = "<group>"; };
		7EDE83B627F60F3100CCC78E /* 4-result.txt */ = {isa = PBXFileReference; fileEncoding = 4; lastKnownFileType = text; path = "4-result.txt"; sourceTree = "<group>"; };
		7EDE83B727F60F3100CCC78E /* 7.txt */ = {isa = PBXFileReference; fileEncoding = 4; lastKnownFileType = text; path = 7.txt; sourceTree = "<group>"; };
		7EDE83B827F60F3100CCC78E /* 1-result.txt */ = {isa = PBXFileReference; fileEncoding = 4; lastKnownFileType = text; path = "1-result.txt"; sourceTree = "<group>"; };
		7EDE83B927F60F3100CCC78E /* 3.txt */ = {isa = PBXFileReference; fileEncoding = 4; lastKnownFileType = text; path = 3.txt; sourceTree = "<group>"; };
		7EDE83BA27F60F3100CCC78E /* 2.txt */ = {isa = PBXFileReference; fileEncoding = 4; lastKnownFileType = text; path = 2.txt; sourceTree = "<group>"; };
		7EDE83BB27F60F3100CCC78E /* 12-result.txt */ = {isa = PBXFileReference; fileEncoding = 4; lastKnownFileType = text; path = "12-result.txt"; sourceTree = "<group>"; };
		7EDE83BC27F60F3100CCC78E /* 1.txt */ = {isa = PBXFileReference; fileEncoding = 4; lastKnownFileType = text; path = 1.txt; sourceTree = "<group>"; };
		7EDE83BD27F60F3100CCC78E /* 15-result.txt */ = {isa = PBXFileReference; fileEncoding = 4; lastKnownFileType = text; path = "15-result.txt"; sourceTree = "<group>"; };
		7EDE83BE27F60F3100CCC78E /* 6-result.txt */ = {isa = PBXFileReference; fileEncoding = 4; lastKnownFileType = text; path = "6-result.txt"; sourceTree = "<group>"; };
		7EDE83BF27F60F3100CCC78E /* 10-result.txt */ = {isa = PBXFileReference; fileEncoding = 4; lastKnownFileType = text; path = "10-result.txt"; sourceTree = "<group>"; };
		7EDE83C027F60F3100CCC78E /* 3-result.txt */ = {isa = PBXFileReference; fileEncoding = 4; lastKnownFileType = text; path = "3-result.txt"; sourceTree = "<group>"; };
		7EDE83C127F61B9200CCC78E /* 4rd.cpp */ = {isa = PBXFileReference; lastKnownFileType = sourcecode.cpp.cpp; path = 4rd.cpp; sourceTree = "<group>"; };
		7EDF3CEE27F0912C005EDF37 /* libqbe.a */ = {isa = PBXFileReference; lastKnownFileType = archive.ar; path = libqbe.a; sourceTree = "<group>"; };
		7EDF3CF027F0912C005EDF37 /* qbe */ = {isa = PBXFileReference; lastKnownFileType = "compiled.mach-o.executable"; path = qbe; sourceTree = "<group>"; };
		7EDF3CF327F0912C005EDF37 /* all.h */ = {isa = PBXFileReference; fileEncoding = 4; lastKnownFileType = sourcecode.c.h; name = all.h; path = include/qbe/all.h; sourceTree = SOURCE_ROOT; };
		7EDF3CF427F0912C005EDF37 /* ops.h */ = {isa = PBXFileReference; fileEncoding = 4; lastKnownFileType = sourcecode.c.h; path = ops.h; sourceTree = "<group>"; };
/* End PBXFileReference section */

/* Begin PBXFrameworksBuildPhase section */
		7E88387527BFB4B10039D87D /* Frameworks */ = {
			isa = PBXFrameworksBuildPhase;
			buildActionMask = 2147483647;
			files = (
				7EDF3CF527F0912C005EDF37 /* libqbe.a in Frameworks */,
			);
			runOnlyForDeploymentPostprocessing = 0;
		};
		7EDE837527F5D7FC00CCC78E /* Frameworks */ = {
			isa = PBXFrameworksBuildPhase;
			buildActionMask = 2147483647;
			files = (
				7EDE837627F5D7FC00CCC78E /* libqbe.a in Frameworks */,
			);
			runOnlyForDeploymentPostprocessing = 0;
		};
/* End PBXFrameworksBuildPhase section */

/* Begin PBXGroup section */
		0C9F2ADD1148E942BB70892A /* Products */ = {
			isa = PBXGroup;
			children = (
				7E88387827BFB4B10039D87D /* 4rd */,
				7EDE837C27F5D7FC00CCC78E /* 4licm */,
			);
			name = Products;
			sourceTree = "<group>";
		};
		7EDE837E27F60F3100CCC78E /* tests */ = {
			isa = PBXGroup;
			children = (
				7EDE837F27F60F3100CCC78E /* 4rd */,
				7EDE83A027F60F3100CCC78E /* 4licm */,
			);
			path = tests;
			sourceTree = "<group>";
		};
		7EDE837F27F60F3100CCC78E /* 4rd */ = {
			isa = PBXGroup;
			children = (
				7EDE838027F60F3100CCC78E /* 15.txt */,
				7EDE838127F60F3100CCC78E /* 13-result.txt */,
				7EDE838227F60F3100CCC78E /* 14.txt */,
				7EDE838327F60F3100CCC78E /* 16.txt */,
				7EDE838427F60F3100CCC78E /* 8-result.txt */,
				7EDE838527F60F3100CCC78E /* 13.txt */,
				7EDE838627F60F3100CCC78E /* 12.txt */,
				7EDE838727F60F3100CCC78E /* 5-result.txt */,
				7EDE838827F60F3100CCC78E /* 10.txt */,
				7EDE838927F60F3100CCC78E /* 11.txt */,
				7EDE838A27F60F3100CCC78E /* 16-result.txt */,
				7EDE838B27F60F3100CCC78E /* 11-result.txt */,
				7EDE838C27F60F3100CCC78E /* 2-result.txt */,
				7EDE838D27F60F3100CCC78E /* 9.txt */,
				7EDE838E27F60F3100CCC78E /* 14-result.txt */,
				7EDE838F27F60F3100CCC78E /* 7-result.txt */,
				7EDE839027F60F3100CCC78E /* 8.txt */,
				7EDE839127F60F3100CCC78E /* 9-result.txt */,
				7EDE839227F60F3100CCC78E /* 5.txt */,
				7EDE839327F60F3100CCC78E /* 4.txt */,
				7EDE839427F60F3100CCC78E /* 6.txt */,
				7EDE839527F60F3100CCC78E /* 4-result.txt */,
				7EDE839627F60F3100CCC78E /* 7.txt */,
				7EDE839727F60F3100CCC78E /* 1-result.txt */,
				7EDE839827F60F3100CCC78E /* 3.txt */,
				7EDE839927F60F3100CCC78E /* 2.txt */,
				7EDE839A27F60F3100CCC78E /* 12-result.txt */,
				7EDE839B27F60F3100CCC78E /* 1.txt */,
				7EDE839C27F60F3100CCC78E /* 15-result.txt */,
				7EDE839D27F60F3100CCC78E /* 6-result.txt */,
				7EDE839E27F60F3100CCC78E /* 10-result.txt */,
				7EDE839F27F60F3100CCC78E /* 3-result.txt */,
			);
			path = 4rd;
			sourceTree = "<group>";
		};
		7EDE83A027F60F3100CCC78E /* 4licm */ = {
			isa = PBXGroup;
			children = (
				7EDE83A127F60F3100CCC78E /* 15.txt */,
				7EDE83A227F60F3100CCC78E /* 13-result.txt */,
				7EDE83A327F60F3100CCC78E /* 14.txt */,
				7EDE83A427F60F3100CCC78E /* 16.txt */,
				7EDE83A527F60F3100CCC78E /* 8-result.txt */,
				7EDE83A627F60F3100CCC78E /* 13.txt */,
				7EDE83A727F60F3100CCC78E /* 12.txt */,
				7EDE83A827F60F3100CCC78E /* 5-result.txt */,
				7EDE83A927F60F3100CCC78E /* 10.txt */,
				7EDE83AA27F60F3100CCC78E /* 11.txt */,
				7EDE83AB27F60F3100CCC78E /* 16-result.txt */,
				7EDE83AC27F60F3100CCC78E /* 11-result.txt */,
				7EDE83AD27F60F3100CCC78E /* 2-result.txt */,
				7EDE83AE27F60F3100CCC78E /* 9.txt */,
				7EDE83AF27F60F3100CCC78E /* 14-result.txt */,
				7EDE83B027F60F3100CCC78E /* 7-result.txt */,
				7EDE83B127F60F3100CCC78E /* 8.txt */,
				7EDE83B227F60F3100CCC78E /* 9-result.txt */,
				7EDE83B327F60F3100CCC78E /* 5.txt */,
				7EDE83B427F60F3100CCC78E /* 4.txt */,
				7EDE83B527F60F3100CCC78E /* 6.txt */,
				7EDE83B627F60F3100CCC78E /* 4-result.txt */,
				7EDE83B727F60F3100CCC78E /* 7.txt */,
				7EDE83B827F60F3100CCC78E /* 1-result.txt */,
				7EDE83B927F60F3100CCC78E /* 3.txt */,
				7EDE83BA27F60F3100CCC78E /* 2.txt */,
				7EDE83BB27F60F3100CCC78E /* 12-result.txt */,
				7EDE83BC27F60F3100CCC78E /* 1.txt */,
				7EDE83BD27F60F3100CCC78E /* 15-result.txt */,
				7EDE83BE27F60F3100CCC78E /* 6-result.txt */,
				7EDE83BF27F60F3100CCC78E /* 10-result.txt */,
				7EDE83C027F60F3100CCC78E /* 3-result.txt */,
			);
			path = 4licm;
			sourceTree = "<group>";
		};
		7EDF3CED27F0912C005EDF37 /* lib */ = {
			isa = PBXGroup;
			children = (
				7EDF3CEE27F0912C005EDF37 /* libqbe.a */,
			);
			path = lib;
			sourceTree = "<group>";
		};
		7EDF3CEF27F0912C005EDF37 /* bin */ = {
			isa = PBXGroup;
			children = (
				7EDF3CF027F0912C005EDF37 /* qbe */,
			);
			path = bin;
			sourceTree = "<group>";
		};
		7EDF3CF127F0912C005EDF37 /* include */ = {
			isa = PBXGroup;
			children = (
				7EDF3CF227F0912C005EDF37 /* qbe */,
			);
			path = include;
			sourceTree = "<group>";
		};
		7EDF3CF227F0912C005EDF37 /* qbe */ = {
			isa = PBXGroup;
			children = (
				7EDF3CF327F0912C005EDF37 /* all.h */,
				7EDF3CF427F0912C005EDF37 /* ops.h */,
			);
			path = qbe;
			sourceTree = "<group>";
		};
		8ADB0621327DBF90B14C0553 = {
			isa = PBXGroup;
			children = (
				7EDE837E27F60F3100CCC78E /* tests */,
				7EDF3CEF27F0912C005EDF37 /* bin */,
				7EDF3CF127F0912C005EDF37 /* include */,
				7EDF3CED27F0912C005EDF37 /* lib */,
				7E8838AC27BFB52E0039D87D /* .gitignore */,
				7E88388027BFB4CE0039D87D /* LICENSE */,
				7E88388127BFB4CE0039D87D /* README.md */,
				7E8838AA27BFB5090039D87D /* 4rd.c */,
				7EDE83C127F61B9200CCC78E /* 4rd.cpp */,
				7EDE837027F5D7F400CCC78E /* 4licm.c */,
				0C9F2ADD1148E942BB70892A /* Products */,
			);
			sourceTree = "<group>";
		};
/* End PBXGroup section */

/* Begin PBXNativeTarget section */
		7E88387727BFB4B10039D87D /* 4rd */ = {
			isa = PBXNativeTarget;
			buildConfigurationList = 7E88387F27BFB4B10039D87D /* Build configuration list for PBXNativeTarget "4rd" */;
			buildPhases = (
				7E88387427BFB4B10039D87D /* Sources */,
				7E88387527BFB4B10039D87D /* Frameworks */,
				7E88387627BFB4B10039D87D /* CopyFiles */,
			);
			buildRules = (
			);
			dependencies = (
			);
			name = 4rd;
			productName = QBE;
			productReference = 7E88387827BFB4B10039D87D /* 4rd */;
			productType = "com.apple.product-type.tool";
		};
		7EDE837227F5D7FC00CCC78E /* 4licm */ = {
			isa = PBXNativeTarget;
			buildConfigurationList = 7EDE837827F5D7FC00CCC78E /* Build configuration list for PBXNativeTarget "4licm" */;
			buildPhases = (
				7EDE837327F5D7FC00CCC78E /* Sources */,
				7EDE837527F5D7FC00CCC78E /* Frameworks */,
				7EDE837727F5D7FC00CCC78E /* CopyFiles */,
			);
			buildRules = (
			);
			dependencies = (
			);
			name = 4licm;
			productName = QBE;
			productReference = 7EDE837C27F5D7FC00CCC78E /* 4licm */;
			productType = "com.apple.product-type.tool";
		};
/* End PBXNativeTarget section */

/* Begin PBXProject section */
		B36A5CD593F32F00BAADDAE4 /* Project object */ = {
			isa = PBXProject;
			attributes = {
				LastUpgradeCheck = 1200;
				TargetAttributes = {
					7E88387727BFB4B10039D87D = {
						CreatedOnToolsVersion = 13.2.1;
					};
				};
			};
			buildConfigurationList = C049368187E316488F0CC3A3 /* Build configuration list for PBXProject "QBE" */;
			compatibilityVersion = "Xcode 10.0";
			developmentRegion = en;
			hasScannedForEncodings = 0;
			knownRegions = (
				Base,
				en,
			);
			mainGroup = 8ADB0621327DBF90B14C0553;
			projectDirPath = "";
			projectRoot = "";
			targets = (
				7E88387727BFB4B10039D87D /* 4rd */,
				7EDE837227F5D7FC00CCC78E /* 4licm */,
			);
		};
/* End PBXProject section */

/* Begin PBXSourcesBuildPhase section */
		7E88387427BFB4B10039D87D /* Sources */ = {
			isa = PBXSourcesBuildPhase;
			buildActionMask = 2147483647;
			files = (
				7EDE83C327F61CD800CCC78E /* 4rd.c in Sources */,
			);
			runOnlyForDeploymentPostprocessing = 0;
		};
		7EDE837327F5D7FC00CCC78E /* Sources */ = {
			isa = PBXSourcesBuildPhase;
			buildActionMask = 2147483647;
			files = (
				7EDE837D27F5D84600CCC78E /* 4licm.c in Sources */,
			);
			runOnlyForDeploymentPostprocessing = 0;
		};
/* End PBXSourcesBuildPhase section */

/* Begin XCBuildConfiguration section */
		125CF6A0900026FA895ACC1D /* Staging */ = {
			isa = XCBuildConfiguration;
			buildSettings = {
				ALWAYS_SEARCH_USER_PATHS = NO;
				ARCHS = "$(ARCHS_STANDARD)";
				CLANG_ANALYZER_NONNULL = YES;
				CLANG_ANALYZER_NUMBER_OBJECT_CONVERSION = YES_AGGRESSIVE;
				CLANG_CXX_LANGUAGE_STANDARD = "gnu++17";
				CLANG_CXX_LIBRARY = "libc++";
				CLANG_ENABLE_MODULES = YES;
				CLANG_ENABLE_OBJC_ARC = YES;
				CLANG_ENABLE_OBJC_WEAK = YES;
				CLANG_WARN_BLOCK_CAPTURE_AUTORELEASING = YES;
				CLANG_WARN_BOOL_CONVERSION = YES;
				CLANG_WARN_COMMA = YES;
				CLANG_WARN_CONSTANT_CONVERSION = YES;
				CLANG_WARN_DEPRECATED_OBJC_IMPLEMENTATIONS = YES;
				CLANG_WARN_DIRECT_OBJC_ISA_USAGE = YES_ERROR;
				CLANG_WARN_DOCUMENTATION_COMMENTS = YES;
				CLANG_WARN_EMPTY_BODY = YES;
				CLANG_WARN_ENUM_CONVERSION = YES;
				CLANG_WARN_INFINITE_RECURSION = YES;
				CLANG_WARN_INT_CONVERSION = YES;
				CLANG_WARN_NON_LITERAL_NULL_CONVERSION = YES;
				CLANG_WARN_OBJC_IMPLICIT_RETAIN_SELF = YES;
				CLANG_WARN_OBJC_LITERAL_CONVERSION = YES;
				CLANG_WARN_OBJC_ROOT_CLASS = YES_ERROR;
				CLANG_WARN_QUOTED_INCLUDE_IN_FRAMEWORK_HEADER = YES;
				CLANG_WARN_RANGE_LOOP_ANALYSIS = YES;
				CLANG_WARN_STRICT_PROTOTYPES = YES;
				CLANG_WARN_SUSPICIOUS_MOVE = YES;
				CLANG_WARN_UNGUARDED_AVAILABILITY = YES_AGGRESSIVE;
				CLANG_WARN_UNREACHABLE_CODE = YES;
				CLANG_WARN__DUPLICATE_METHOD_MATCH = YES;
				COPY_PHASE_STRIP = NO;
				DEBUG_INFORMATION_FORMAT = "dwarf-with-dsym";
				ENABLE_NS_ASSERTIONS = NO;
				ENABLE_STRICT_OBJC_MSGSEND = YES;
				GCC_C_LANGUAGE_STANDARD = gnu17;
				GCC_NO_COMMON_BLOCKS = YES;
				GCC_WARN_64_TO_32_BIT_CONVERSION = YES;
				GCC_WARN_ABOUT_RETURN_TYPE = YES_ERROR;
				GCC_WARN_UNDECLARED_SELECTOR = YES;
				GCC_WARN_UNINITIALIZED_AUTOS = YES_AGGRESSIVE;
				GCC_WARN_UNUSED_FUNCTION = YES;
				GCC_WARN_UNUSED_VARIABLE = YES;
				MTL_ENABLE_DEBUG_INFO = NO;
				MTL_FAST_MATH = YES;
				ONLY_ACTIVE_ARCH = YES;
				PRODUCT_NAME = "$(TARGET_NAME)";
				SDKROOT = macosx;
				SWIFT_COMPILATION_MODE = wholemodule;
				SWIFT_OPTIMIZATION_LEVEL = "-O";
				SWIFT_VERSION = 5.0;
			};
			name = Staging;
		};
		7E88387C27BFB4B10039D87D /* Debug */ = {
			isa = XCBuildConfiguration;
			buildSettings = {
				ARCHS = "$(ARCHS_STANDARD)";
				CLANG_CXX_LANGUAGE_STANDARD = "gnu++17";
				CODE_SIGN_STYLE = Automatic;
				DEVELOPMENT_TEAM = "";
				ENABLE_HARDENED_RUNTIME = YES;
				FRAMEWORK_SEARCH_PATHS = "$(PROJECT_DIR)/Frameworks";
				GCC_PREPROCESSOR_DEFINITIONS = (
					"DEBUG=1",
					"$(inherited)",
				);
				HEADER_SEARCH_PATHS = "$(PROJECT_DIR)/include";
				LIBRARY_SEARCH_PATHS = (
					"$(inherited)",
					"$(PROJECT_DIR)/lib",
				);
				MACOSX_DEPLOYMENT_TARGET = 12.1;
				PRODUCT_NAME = "$(TARGET_NAME)";
				SDKROOT = macosx;
			};
			name = Debug;
		};
		7E88387D27BFB4B10039D87D /* Production */ = {
			isa = XCBuildConfiguration;
			buildSettings = {
				ALWAYS_SEARCH_USER_PATHS = NO;
				ARCHS = "$(ARCHS_STANDARD)";
				CLANG_ANALYZER_NONNULL = YES;
				CLANG_ANALYZER_NUMBER_OBJECT_CONVERSION = YES_AGGRESSIVE;
				CLANG_CXX_LANGUAGE_STANDARD = "gnu++17";
				CLANG_CXX_LIBRARY = "libc++";
				CLANG_ENABLE_MODULES = YES;
				CLANG_ENABLE_OBJC_ARC = YES;
				CLANG_ENABLE_OBJC_WEAK = YES;
				CLANG_WARN_BLOCK_CAPTURE_AUTORELEASING = YES;
				CLANG_WARN_BOOL_CONVERSION = YES;
				CLANG_WARN_COMMA = YES;
				CLANG_WARN_CONSTANT_CONVERSION = YES;
				CLANG_WARN_DEPRECATED_OBJC_IMPLEMENTATIONS = YES;
				CLANG_WARN_DIRECT_OBJC_ISA_USAGE = YES_ERROR;
				CLANG_WARN_DOCUMENTATION_COMMENTS = YES;
				CLANG_WARN_EMPTY_BODY = YES;
				CLANG_WARN_ENUM_CONVERSION = YES;
				CLANG_WARN_INFINITE_RECURSION = YES;
				CLANG_WARN_INT_CONVERSION = YES;
				CLANG_WARN_NON_LITERAL_NULL_CONVERSION = YES;
				CLANG_WARN_OBJC_IMPLICIT_RETAIN_SELF = YES;
				CLANG_WARN_OBJC_LITERAL_CONVERSION = YES;
				CLANG_WARN_OBJC_ROOT_CLASS = YES_ERROR;
				CLANG_WARN_QUOTED_INCLUDE_IN_FRAMEWORK_HEADER = YES;
				CLANG_WARN_RANGE_LOOP_ANALYSIS = YES;
				CLANG_WARN_STRICT_PROTOTYPES = YES;
				CLANG_WARN_SUSPICIOUS_MOVE = YES;
				CLANG_WARN_UNGUARDED_AVAILABILITY = YES_AGGRESSIVE;
				CLANG_WARN_UNREACHABLE_CODE = YES;
				CLANG_WARN__DUPLICATE_METHOD_MATCH = YES;
				CODE_SIGN_STYLE = Automatic;
				COPY_PHASE_STRIP = NO;
				DEBUG_INFORMATION_FORMAT = "dwarf-with-dsym";
				DEVELOPMENT_TEAM = "";
				ENABLE_HARDENED_RUNTIME = YES;
				ENABLE_NS_ASSERTIONS = NO;
				ENABLE_STRICT_OBJC_MSGSEND = YES;
				FRAMEWORK_SEARCH_PATHS = "$(PROJECT_DIR)/Frameworks";
				GCC_C_LANGUAGE_STANDARD = gnu11;
				GCC_NO_COMMON_BLOCKS = YES;
				GCC_WARN_64_TO_32_BIT_CONVERSION = YES;
				GCC_WARN_ABOUT_RETURN_TYPE = YES_ERROR;
				GCC_WARN_UNDECLARED_SELECTOR = YES;
				GCC_WARN_UNINITIALIZED_AUTOS = YES_AGGRESSIVE;
				GCC_WARN_UNUSED_FUNCTION = YES;
				GCC_WARN_UNUSED_VARIABLE = YES;
				HEADER_SEARCH_PATHS = "$(PROJECT_DIR)/include";
				LIBRARY_SEARCH_PATHS = (
					"$(inherited)",
					"$(PROJECT_DIR)/lib",
				);
				MACOSX_DEPLOYMENT_TARGET = 12.1;
				MTL_ENABLE_DEBUG_INFO = NO;
				MTL_FAST_MATH = YES;
				PRODUCT_NAME = "$(TARGET_NAME)";
				SDKROOT = macosx;
			};
			name = Production;
		};
		7E88387E27BFB4B10039D87D /* Staging */ = {
			isa = XCBuildConfiguration;
			buildSettings = {
				ALWAYS_SEARCH_USER_PATHS = NO;
				ARCHS = "$(ARCHS_STANDARD)";
				CLANG_ANALYZER_NONNULL = YES;
				CLANG_ANALYZER_NUMBER_OBJECT_CONVERSION = YES_AGGRESSIVE;
				CLANG_CXX_LANGUAGE_STANDARD = "gnu++17";
				CLANG_CXX_LIBRARY = "libc++";
				CLANG_ENABLE_MODULES = YES;
				CLANG_ENABLE_OBJC_ARC = YES;
				CLANG_ENABLE_OBJC_WEAK = YES;
				CLANG_WARN_BLOCK_CAPTURE_AUTORELEASING = YES;
				CLANG_WARN_BOOL_CONVERSION = YES;
				CLANG_WARN_COMMA = YES;
				CLANG_WARN_CONSTANT_CONVERSION = YES;
				CLANG_WARN_DEPRECATED_OBJC_IMPLEMENTATIONS = YES;
				CLANG_WARN_DIRECT_OBJC_ISA_USAGE = YES_ERROR;
				CLANG_WARN_DOCUMENTATION_COMMENTS = YES;
				CLANG_WARN_EMPTY_BODY = YES;
				CLANG_WARN_ENUM_CONVERSION = YES;
				CLANG_WARN_INFINITE_RECURSION = YES;
				CLANG_WARN_INT_CONVERSION = YES;
				CLANG_WARN_NON_LITERAL_NULL_CONVERSION = YES;
				CLANG_WARN_OBJC_IMPLICIT_RETAIN_SELF = YES;
				CLANG_WARN_OBJC_LITERAL_CONVERSION = YES;
				CLANG_WARN_OBJC_ROOT_CLASS = YES_ERROR;
				CLANG_WARN_QUOTED_INCLUDE_IN_FRAMEWORK_HEADER = YES;
				CLANG_WARN_RANGE_LOOP_ANALYSIS = YES;
				CLANG_WARN_STRICT_PROTOTYPES = YES;
				CLANG_WARN_SUSPICIOUS_MOVE = YES;
				CLANG_WARN_UNGUARDED_AVAILABILITY = YES_AGGRESSIVE;
				CLANG_WARN_UNREACHABLE_CODE = YES;
				CLANG_WARN__DUPLICATE_METHOD_MATCH = YES;
				CODE_SIGN_STYLE = Automatic;
				COPY_PHASE_STRIP = NO;
				DEBUG_INFORMATION_FORMAT = "dwarf-with-dsym";
				DEVELOPMENT_TEAM = "";
				ENABLE_HARDENED_RUNTIME = YES;
				ENABLE_NS_ASSERTIONS = NO;
				ENABLE_STRICT_OBJC_MSGSEND = YES;
				FRAMEWORK_SEARCH_PATHS = "$(PROJECT_DIR)/Frameworks";
				GCC_C_LANGUAGE_STANDARD = gnu11;
				GCC_NO_COMMON_BLOCKS = YES;
				GCC_WARN_64_TO_32_BIT_CONVERSION = YES;
				GCC_WARN_ABOUT_RETURN_TYPE = YES_ERROR;
				GCC_WARN_UNDECLARED_SELECTOR = YES;
				GCC_WARN_UNINITIALIZED_AUTOS = YES_AGGRESSIVE;
				GCC_WARN_UNUSED_FUNCTION = YES;
				GCC_WARN_UNUSED_VARIABLE = YES;
				HEADER_SEARCH_PATHS = "$(PROJECT_DIR)/include";
				LIBRARY_SEARCH_PATHS = (
					"$(inherited)",
					"$(PROJECT_DIR)/lib",
				);
				MACOSX_DEPLOYMENT_TARGET = 12.1;
				MTL_ENABLE_DEBUG_INFO = NO;
				MTL_FAST_MATH = YES;
				PRODUCT_NAME = "$(TARGET_NAME)";
				SDKROOT = macosx;
			};
			name = Staging;
		};
		7EDE837927F5D7FC00CCC78E /* Debug */ = {
			isa = XCBuildConfiguration;
			buildSettings = {
				ARCHS = "$(ARCHS_STANDARD)";
				CLANG_CXX_LANGUAGE_STANDARD = "gnu++17";
				CODE_SIGN_STYLE = Automatic;
				DEVELOPMENT_TEAM = "";
				ENABLE_HARDENED_RUNTIME = YES;
				FRAMEWORK_SEARCH_PATHS = "$(PROJECT_DIR)/Frameworks";
				GCC_PREPROCESSOR_DEFINITIONS = (
					"DEBUG=1",
					"$(inherited)",
				);
				HEADER_SEARCH_PATHS = "$(PROJECT_DIR)/include";
				LIBRARY_SEARCH_PATHS = (
					"$(inherited)",
					"$(PROJECT_DIR)/lib",
				);
				MACOSX_DEPLOYMENT_TARGET = 12.1;
				PRODUCT_NAME = "$(TARGET_NAME)";
				SDKROOT = macosx;
			};
			name = Debug;
		};
		7EDE837A27F5D7FC00CCC78E /* Production */ = {
			isa = XCBuildConfiguration;
			buildSettings = {
				ALWAYS_SEARCH_USER_PATHS = NO;
				ARCHS = "$(ARCHS_STANDARD)";
				CLANG_ANALYZER_NONNULL = YES;
				CLANG_ANALYZER_NUMBER_OBJECT_CONVERSION = YES_AGGRESSIVE;
				CLANG_CXX_LANGUAGE_STANDARD = "gnu++17";
				CLANG_CXX_LIBRARY = "libc++";
				CLANG_ENABLE_MODULES = YES;
				CLANG_ENABLE_OBJC_ARC = YES;
				CLANG_ENABLE_OBJC_WEAK = YES;
				CLANG_WARN_BLOCK_CAPTURE_AUTORELEASING = YES;
				CLANG_WARN_BOOL_CONVERSION = YES;
				CLANG_WARN_COMMA = YES;
				CLANG_WARN_CONSTANT_CONVERSION = YES;
				CLANG_WARN_DEPRECATED_OBJC_IMPLEMENTATIONS = YES;
				CLANG_WARN_DIRECT_OBJC_ISA_USAGE = YES_ERROR;
				CLANG_WARN_DOCUMENTATION_COMMENTS = YES;
				CLANG_WARN_EMPTY_BODY = YES;
				CLANG_WARN_ENUM_CONVERSION = YES;
				CLANG_WARN_INFINITE_RECURSION = YES;
				CLANG_WARN_INT_CONVERSION = YES;
				CLANG_WARN_NON_LITERAL_NULL_CONVERSION = YES;
				CLANG_WARN_OBJC_IMPLICIT_RETAIN_SELF = YES;
				CLANG_WARN_OBJC_LITERAL_CONVERSION = YES;
				CLANG_WARN_OBJC_ROOT_CLASS = YES_ERROR;
				CLANG_WARN_QUOTED_INCLUDE_IN_FRAMEWORK_HEADER = YES;
				CLANG_WARN_RANGE_LOOP_ANALYSIS = YES;
				CLANG_WARN_STRICT_PROTOTYPES = YES;
				CLANG_WARN_SUSPICIOUS_MOVE = YES;
				CLANG_WARN_UNGUARDED_AVAILABILITY = YES_AGGRESSIVE;
				CLANG_WARN_UNREACHABLE_CODE = YES;
				CLANG_WARN__DUPLICATE_METHOD_MATCH = YES;
				CODE_SIGN_STYLE = Automatic;
				COPY_PHASE_STRIP = NO;
				DEBUG_INFORMATION_FORMAT = "dwarf-with-dsym";
				DEVELOPMENT_TEAM = "";
				ENABLE_HARDENED_RUNTIME = YES;
				ENABLE_NS_ASSERTIONS = NO;
				ENABLE_STRICT_OBJC_MSGSEND = YES;
				FRAMEWORK_SEARCH_PATHS = "$(PROJECT_DIR)/Frameworks";
				GCC_C_LANGUAGE_STANDARD = gnu11;
				GCC_NO_COMMON_BLOCKS = YES;
				GCC_WARN_64_TO_32_BIT_CONVERSION = YES;
				GCC_WARN_ABOUT_RETURN_TYPE = YES_ERROR;
				GCC_WARN_UNDECLARED_SELECTOR = YES;
				GCC_WARN_UNINITIALIZED_AUTOS = YES_AGGRESSIVE;
				GCC_WARN_UNUSED_FUNCTION = YES;
				GCC_WARN_UNUSED_VARIABLE = YES;
				HEADER_SEARCH_PATHS = "$(PROJECT_DIR)/include";
				LIBRARY_SEARCH_PATHS = (
					"$(inherited)",
					"$(PROJECT_DIR)/lib",
				);
				MACOSX_DEPLOYMENT_TARGET = 12.1;
				MTL_ENABLE_DEBUG_INFO = NO;
				MTL_FAST_MATH = YES;
				PRODUCT_NAME = "$(TARGET_NAME)";
				SDKROOT = macosx;
			};
			name = Production;
		};
		7EDE837B27F5D7FC00CCC78E /* Staging */ = {
			isa = XCBuildConfiguration;
			buildSettings = {
				ALWAYS_SEARCH_USER_PATHS = NO;
				ARCHS = "$(ARCHS_STANDARD)";
				CLANG_ANALYZER_NONNULL = YES;
				CLANG_ANALYZER_NUMBER_OBJECT_CONVERSION = YES_AGGRESSIVE;
				CLANG_CXX_LANGUAGE_STANDARD = "gnu++17";
				CLANG_CXX_LIBRARY = "libc++";
				CLANG_ENABLE_MODULES = YES;
				CLANG_ENABLE_OBJC_ARC = YES;
				CLANG_ENABLE_OBJC_WEAK = YES;
				CLANG_WARN_BLOCK_CAPTURE_AUTORELEASING = YES;
				CLANG_WARN_BOOL_CONVERSION = YES;
				CLANG_WARN_COMMA = YES;
				CLANG_WARN_CONSTANT_CONVERSION = YES;
				CLANG_WARN_DEPRECATED_OBJC_IMPLEMENTATIONS = YES;
				CLANG_WARN_DIRECT_OBJC_ISA_USAGE = YES_ERROR;
				CLANG_WARN_DOCUMENTATION_COMMENTS = YES;
				CLANG_WARN_EMPTY_BODY = YES;
				CLANG_WARN_ENUM_CONVERSION = YES;
				CLANG_WARN_INFINITE_RECURSION = YES;
				CLANG_WARN_INT_CONVERSION = YES;
				CLANG_WARN_NON_LITERAL_NULL_CONVERSION = YES;
				CLANG_WARN_OBJC_IMPLICIT_RETAIN_SELF = YES;
				CLANG_WARN_OBJC_LITERAL_CONVERSION = YES;
				CLANG_WARN_OBJC_ROOT_CLASS = YES_ERROR;
				CLANG_WARN_QUOTED_INCLUDE_IN_FRAMEWORK_HEADER = YES;
				CLANG_WARN_RANGE_LOOP_ANALYSIS = YES;
				CLANG_WARN_STRICT_PROTOTYPES = YES;
				CLANG_WARN_SUSPICIOUS_MOVE = YES;
				CLANG_WARN_UNGUARDED_AVAILABILITY = YES_AGGRESSIVE;
				CLANG_WARN_UNREACHABLE_CODE = YES;
				CLANG_WARN__DUPLICATE_METHOD_MATCH = YES;
				CODE_SIGN_STYLE = Automatic;
				COPY_PHASE_STRIP = NO;
				DEBUG_INFORMATION_FORMAT = "dwarf-with-dsym";
				DEVELOPMENT_TEAM = "";
				ENABLE_HARDENED_RUNTIME = YES;
				ENABLE_NS_ASSERTIONS = NO;
				ENABLE_STRICT_OBJC_MSGSEND = YES;
				FRAMEWORK_SEARCH_PATHS = "$(PROJECT_DIR)/Frameworks";
				GCC_C_LANGUAGE_STANDARD = gnu11;
				GCC_NO_COMMON_BLOCKS = YES;
				GCC_WARN_64_TO_32_BIT_CONVERSION = YES;
				GCC_WARN_ABOUT_RETURN_TYPE = YES_ERROR;
				GCC_WARN_UNDECLARED_SELECTOR = YES;
				GCC_WARN_UNINITIALIZED_AUTOS = YES_AGGRESSIVE;
				GCC_WARN_UNUSED_FUNCTION = YES;
				GCC_WARN_UNUSED_VARIABLE = YES;
				HEADER_SEARCH_PATHS = "$(PROJECT_DIR)/include";
				LIBRARY_SEARCH_PATHS = (
					"$(inherited)",
					"$(PROJECT_DIR)/lib",
				);
				MACOSX_DEPLOYMENT_TARGET = 12.1;
				MTL_ENABLE_DEBUG_INFO = NO;
				MTL_FAST_MATH = YES;
				PRODUCT_NAME = "$(TARGET_NAME)";
				SDKROOT = macosx;
			};
			name = Staging;
		};
		897ACB392582A4F56D24AE98 /* Debug */ = {
			isa = XCBuildConfiguration;
			buildSettings = {
				ALWAYS_SEARCH_USER_PATHS = NO;
				ARCHS = "$(ARCHS_STANDARD)";
				CLANG_ANALYZER_NONNULL = YES;
				CLANG_ANALYZER_NUMBER_OBJECT_CONVERSION = YES_AGGRESSIVE;
				CLANG_CXX_LANGUAGE_STANDARD = "gnu++17";
				CLANG_CXX_LIBRARY = "libc++";
				CLANG_ENABLE_MODULES = YES;
				CLANG_ENABLE_OBJC_ARC = YES;
				CLANG_ENABLE_OBJC_WEAK = YES;
				CLANG_WARN_BLOCK_CAPTURE_AUTORELEASING = YES;
				CLANG_WARN_BOOL_CONVERSION = YES;
				CLANG_WARN_COMMA = YES;
				CLANG_WARN_CONSTANT_CONVERSION = YES;
				CLANG_WARN_DEPRECATED_OBJC_IMPLEMENTATIONS = YES;
				CLANG_WARN_DIRECT_OBJC_ISA_USAGE = YES_ERROR;
				CLANG_WARN_DOCUMENTATION_COMMENTS = YES;
				CLANG_WARN_EMPTY_BODY = YES;
				CLANG_WARN_ENUM_CONVERSION = YES;
				CLANG_WARN_INFINITE_RECURSION = YES;
				CLANG_WARN_INT_CONVERSION = YES;
				CLANG_WARN_NON_LITERAL_NULL_CONVERSION = YES;
				CLANG_WARN_OBJC_IMPLICIT_RETAIN_SELF = YES;
				CLANG_WARN_OBJC_LITERAL_CONVERSION = YES;
				CLANG_WARN_OBJC_ROOT_CLASS = YES_ERROR;
				CLANG_WARN_QUOTED_INCLUDE_IN_FRAMEWORK_HEADER = YES;
				CLANG_WARN_RANGE_LOOP_ANALYSIS = YES;
				CLANG_WARN_STRICT_PROTOTYPES = YES;
				CLANG_WARN_SUSPICIOUS_MOVE = YES;
				CLANG_WARN_UNGUARDED_AVAILABILITY = YES_AGGRESSIVE;
				CLANG_WARN_UNREACHABLE_CODE = YES;
				CLANG_WARN__DUPLICATE_METHOD_MATCH = YES;
				COPY_PHASE_STRIP = NO;
				DEBUG_INFORMATION_FORMAT = dwarf;
				ENABLE_STRICT_OBJC_MSGSEND = YES;
				ENABLE_TESTABILITY = YES;
				GCC_C_LANGUAGE_STANDARD = gnu17;
				GCC_DYNAMIC_NO_PIC = NO;
				GCC_NO_COMMON_BLOCKS = YES;
				GCC_OPTIMIZATION_LEVEL = 0;
				GCC_PREPROCESSOR_DEFINITIONS = (
					"$(inherited)",
					"DEBUG=1",
				);
				GCC_WARN_64_TO_32_BIT_CONVERSION = YES;
				GCC_WARN_ABOUT_RETURN_TYPE = YES_ERROR;
				GCC_WARN_UNDECLARED_SELECTOR = YES;
				GCC_WARN_UNINITIALIZED_AUTOS = YES_AGGRESSIVE;
				GCC_WARN_UNUSED_FUNCTION = YES;
				GCC_WARN_UNUSED_VARIABLE = YES;
				MTL_ENABLE_DEBUG_INFO = INCLUDE_SOURCE;
				MTL_FAST_MATH = YES;
				ONLY_ACTIVE_ARCH = YES;
				PRODUCT_NAME = "$(TARGET_NAME)";
				SDKROOT = macosx;
				SWIFT_ACTIVE_COMPILATION_CONDITIONS = DEBUG;
				SWIFT_OPTIMIZATION_LEVEL = "-Onone";
				SWIFT_VERSION = 5.0;
			};
			name = Debug;
		};
		C95D21AECA134EC1D46F423F /* Production */ = {
			isa = XCBuildConfiguration;
			buildSettings = {
				ALWAYS_SEARCH_USER_PATHS = NO;
				ARCHS = "$(ARCHS_STANDARD)";
				CLANG_ANALYZER_NONNULL = YES;
				CLANG_ANALYZER_NUMBER_OBJECT_CONVERSION = YES_AGGRESSIVE;
				CLANG_CXX_LANGUAGE_STANDARD = "gnu++17";
				CLANG_CXX_LIBRARY = "libc++";
				CLANG_ENABLE_MODULES = YES;
				CLANG_ENABLE_OBJC_ARC = YES;
				CLANG_ENABLE_OBJC_WEAK = YES;
				CLANG_WARN_BLOCK_CAPTURE_AUTORELEASING = YES;
				CLANG_WARN_BOOL_CONVERSION = YES;
				CLANG_WARN_COMMA = YES;
				CLANG_WARN_CONSTANT_CONVERSION = YES;
				CLANG_WARN_DEPRECATED_OBJC_IMPLEMENTATIONS = YES;
				CLANG_WARN_DIRECT_OBJC_ISA_USAGE = YES_ERROR;
				CLANG_WARN_DOCUMENTATION_COMMENTS = YES;
				CLANG_WARN_EMPTY_BODY = YES;
				CLANG_WARN_ENUM_CONVERSION = YES;
				CLANG_WARN_INFINITE_RECURSION = YES;
				CLANG_WARN_INT_CONVERSION = YES;
				CLANG_WARN_NON_LITERAL_NULL_CONVERSION = YES;
				CLANG_WARN_OBJC_IMPLICIT_RETAIN_SELF = YES;
				CLANG_WARN_OBJC_LITERAL_CONVERSION = YES;
				CLANG_WARN_OBJC_ROOT_CLASS = YES_ERROR;
				CLANG_WARN_QUOTED_INCLUDE_IN_FRAMEWORK_HEADER = YES;
				CLANG_WARN_RANGE_LOOP_ANALYSIS = YES;
				CLANG_WARN_STRICT_PROTOTYPES = YES;
				CLANG_WARN_SUSPICIOUS_MOVE = YES;
				CLANG_WARN_UNGUARDED_AVAILABILITY = YES_AGGRESSIVE;
				CLANG_WARN_UNREACHABLE_CODE = YES;
				CLANG_WARN__DUPLICATE_METHOD_MATCH = YES;
				COPY_PHASE_STRIP = NO;
				DEBUG_INFORMATION_FORMAT = "dwarf-with-dsym";
				ENABLE_NS_ASSERTIONS = NO;
				ENABLE_STRICT_OBJC_MSGSEND = YES;
				GCC_C_LANGUAGE_STANDARD = gnu17;
				GCC_NO_COMMON_BLOCKS = YES;
				GCC_WARN_64_TO_32_BIT_CONVERSION = YES;
				GCC_WARN_ABOUT_RETURN_TYPE = YES_ERROR;
				GCC_WARN_UNDECLARED_SELECTOR = YES;
				GCC_WARN_UNINITIALIZED_AUTOS = YES_AGGRESSIVE;
				GCC_WARN_UNUSED_FUNCTION = YES;
				GCC_WARN_UNUSED_VARIABLE = YES;
				MTL_ENABLE_DEBUG_INFO = NO;
				MTL_FAST_MATH = YES;
				ONLY_ACTIVE_ARCH = YES;
				PRODUCT_NAME = "$(TARGET_NAME)";
				SDKROOT = macosx;
				SWIFT_COMPILATION_MODE = wholemodule;
				SWIFT_OPTIMIZATION_LEVEL = "-O";
				SWIFT_VERSION = 5.0;
			};
			name = Production;
		};
/* End XCBuildConfiguration section */

/* Begin XCConfigurationList section */
		7E88387F27BFB4B10039D87D /* Build configuration list for PBXNativeTarget "4rd" */ = {
			isa = XCConfigurationList;
			buildConfigurations = (
				7E88387C27BFB4B10039D87D /* Debug */,
				7E88387D27BFB4B10039D87D /* Production */,
				7E88387E27BFB4B10039D87D /* Staging */,
			);
			defaultConfigurationIsVisible = 0;
			defaultConfigurationName = Debug;
		};
		7EDE837827F5D7FC00CCC78E /* Build configuration list for PBXNativeTarget "4licm" */ = {
			isa = XCConfigurationList;
			buildConfigurations = (
				7EDE837927F5D7FC00CCC78E /* Debug */,
				7EDE837A27F5D7FC00CCC78E /* Production */,
				7EDE837B27F5D7FC00CCC78E /* Staging */,
			);
			defaultConfigurationIsVisible = 0;
			defaultConfigurationName = Debug;
		};
		C049368187E316488F0CC3A3 /* Build configuration list for PBXProject "QBE" */ = {
			isa = XCConfigurationList;
			buildConfigurations = (
				897ACB392582A4F56D24AE98 /* Debug */,
				C95D21AECA134EC1D46F423F /* Production */,
				125CF6A0900026FA895ACC1D /* Staging */,
			);
			defaultConfigurationIsVisible = 0;
			defaultConfigurationName = Debug;
		};
/* End XCConfigurationList section */
	};
	rootObject = B36A5CD593F32F00BAADDAE4 /* Project object */;
}
